
Microsoft Visual Studio Solution File, Format Version 12.00
# Visual Studio 15
VisualStudioVersion = 15.0.28010.2016
MinimumVisualStudioVersion = 10.0.40219.1
Project("{8BC9CEB8-8B4A-11D0-8D11-00A0C91BC942}") = "tryThis_4.1", "Capitulo4\Capitulo4.vcxproj", "{5E4078E5-BF54-4CC3-8006-EBDB815EACB3}"
EndProject
Project("{8BC9CEB8-8B4A-11D0-8D11-00A0C91BC942}") = "tryThis_4.2", "tryThis_4.2\tryThis_4.2.vcxproj", "{54C8048A-9EC6-451B-884B-1D142DFAEE9E}"
EndProject
Project("{8BC9CEB8-8B4A-11D0-8D11-00A0C91BC942}") = "tryThis_4.3", "tryThis_4.3\tryThis_4.3.vcxproj", "{EED847EB-710A-4044-95AB-D5994EC704B3}"
EndProject
Project("{8BC9CEB8-8B4A-11D0-8D11-00A0C91BC942}") = "tryThis_4.4", "tryThis_4.4\tryThis_4.4.vcxproj", "{46677579-DA20-4B0F-8B16-611436EB2FA7}"
EndProject
Project("{8BC9CEB8-8B4A-11D0-8D11-00A0C91BC942}") = "tryThis_4.5", "tryThis_4.5\tryThis_4.5.vcxproj", "{11B45F59-F788-4C64-B18C-3AE5913CE284}"
EndProject
Project("{8BC9CEB8-8B4A-11D0-8D11-00A0C91BC942}") = "tryThis_4.6", "tryThis_4.6\tryThis_4.6.vcxproj", "{CB9EBBF6-9F9B-4A3A-BA10-E114B2DB47B7}"
EndProject
Project("{8BC9CEB8-8B4A-11D0-8D11-00A0C91BC942}") = "drill", "drill\drill.vcxproj", "{B28BE473-7A31-4062-93C9-ABD3D7C534FD}"
EndProject
Project("{8BC9CEB8-8B4A-11D0-8D11-00A0C91BC942}") = "exercise_4.1", "exercise_4.1\exercise_4.1.vcxproj", "{E6D909A0-36A2-4C20-9826-42CC5E0AF2A3}"
EndProject
Project("{8BC9CEB8-8B4A-11D0-8D11-00A0C91BC942}") = "exercise_4.2", "exercise_4.2\exercise_4.2.vcxproj", "{3BC1B976-6FA9-4592-804A-6B15D3088296}"
EndProject
Project("{8BC9CEB8-8B4A-11D0-8D11-00A0C91BC942}") = "exercise_4.3", "exercise_4.3\exercise_4.3.vcxproj", "{CD608CD2-D66B-48D8-92FB-7C52C1EDF37A}"
EndProject
Project("{8BC9CEB8-8B4A-11D0-8D11-00A0C91BC942}") = "exercise_4.4", "exercise_4.4\exercise_4.4.vcxproj", "{E0FA95F9-32AC-41E2-B6EB-DABA886C6ED7}"
EndProject
Project("{8BC9CEB8-8B4A-11D0-8D11-00A0C91BC942}") = "exercise_4.5", "exercise_4.5\exercise_4.5.vcxproj", "{74A36A43-C7A2-43BF-9C2F-89C1156BF195}"
EndProject
Project("{8BC9CEB8-8B4A-11D0-8D11-00A0C91BC942}") = "exercise_4.6", "exercise_4.6\exercise_4.6.vcxproj", "{487E7BCD-4CB3-41FC-862C-88015E9855DC}"
EndProject
Project("{8BC9CEB8-8B4A-11D0-8D11-00A0C91BC942}") = "exercise_4.7", "exercise_4.7\exercise_4.7.vcxproj", "{1E165B23-9398-4206-87CB-CB4D4E7627B6}"
EndProject
Project("{8BC9CEB8-8B4A-11D0-8D11-00A0C91BC942}") = "exercise_4.8", "exercise_4.8\exercise_4.8.vcxproj", "{4B703EF5-3574-4276-935B-323E29D37EA4}"
EndProject
Project("{8BC9CEB8-8B4A-11D0-8D11-00A0C91BC942}") = "exercise_4.9", "exercise_4.9\exercise_4.9.vcxproj", "{3A6DEDC0-D6CE-4445-9BF4-A69D02E252DE}"
EndProject
Project("{8BC9CEB8-8B4A-11D0-8D11-00A0C91BC942}") = "exercise_4.10", "exercise_4.10\exercise_4.10.vcxproj", "{9501F9D7-6DC2-407A-80DE-4D01B45060F8}"
EndProject
Project("{8BC9CEB8-8B4A-11D0-8D11-00A0C91BC942}") = "exercise_4.11", "exercise_4.11\exercise_4.11.vcxproj", "{1B3962B6-40B2-486B-8D2E-34D9C8DBDC1B}"
EndProject
Project("{8BC9CEB8-8B4A-11D0-8D11-00A0C91BC942}") = "exercise_4.12", "exercise_4.12\exercise_4.12.vcxproj", "{2D3A843C-7E04-4D29-B363-5BE908894FE9}"
EndProject
Project("{8BC9CEB8-8B4A-11D0-8D11-00A0C91BC942}") = "exercise_4.13", "exercise_4.13\exercise_4.13.vcxproj", "{4B50A756-0C3D-4C19-9234-CE49D34A8374}"
EndProject
Project("{8BC9CEB8-8B4A-11D0-8D11-00A0C91BC942}") = "exercise_4.14", "exercise_4.14\exercise_4.14.vcxproj", "{9D7E796A-30C6-4EC3-8DF9-24B9BA81EDD8}"
EndProject
Project("{8BC9CEB8-8B4A-11D0-8D11-00A0C91BC942}") = "exercise_4.15", "exercise_4.15\exercise_4.15.vcxproj", "{F938CAEF-3F6D-4227-864E-D215F64AE5AC}"
EndProject
Project("{8BC9CEB8-8B4A-11D0-8D11-00A0C91BC942}") = "exercise_4.16", "exercise_4.16\exercise_4.16.vcxproj", "{C9DC6EFA-0A31-44C3-A317-61426F35C7F3}"
EndProject
Project("{8BC9CEB8-8B4A-11D0-8D11-00A0C91BC942}") = "exercise_4.17", "exercise_4\exercise_4.vcxproj", "{12E517D8-9BAD-4337-B166-9CAD0AEF09C3}"
EndProject
Project("{8BC9CEB8-8B4A-11D0-8D11-00A0C91BC942}") = "exercise_4.18", "exercise_4.18\exercise_4.18.vcxproj", "{B4FF3965-1E56-423F-A9A6-4FE983552F5B}"
EndProject
Project("{8BC9CEB8-8B4A-11D0-8D11-00A0C91BC942}") = "exercise_4.19", "exercise_4.19\exercise_4.19.vcxproj", "{2569C43E-B9EA-4D28-8878-AA8E1150DE05}"
EndProject
Global
	GlobalSection(SolutionConfigurationPlatforms) = preSolution
		Debug|x64 = Debug|x64
		Debug|x86 = Debug|x86
		Release|x64 = Release|x64
		Release|x86 = Release|x86
	EndGlobalSection
	GlobalSection(ProjectConfigurationPlatforms) = postSolution
		{5E4078E5-BF54-4CC3-8006-EBDB815EACB3}.Debug|x64.ActiveCfg = Debug|x64
		{5E4078E5-BF54-4CC3-8006-EBDB815EACB3}.Debug|x64.Build.0 = Debug|x64
		{5E4078E5-BF54-4CC3-8006-EBDB815EACB3}.Debug|x86.ActiveCfg = Debug|Win32
		{5E4078E5-BF54-4CC3-8006-EBDB815EACB3}.Debug|x86.Build.0 = Debug|Win32
		{5E4078E5-BF54-4CC3-8006-EBDB815EACB3}.Release|x64.ActiveCfg = Release|x64
		{5E4078E5-BF54-4CC3-8006-EBDB815EACB3}.Release|x64.Build.0 = Release|x64
		{5E4078E5-BF54-4CC3-8006-EBDB815EACB3}.Release|x86.ActiveCfg = Release|Win32
		{5E4078E5-BF54-4CC3-8006-EBDB815EACB3}.Release|x86.Build.0 = Release|Win32
		{54C8048A-9EC6-451B-884B-1D142DFAEE9E}.Debug|x64.ActiveCfg = Debug|x64
		{54C8048A-9EC6-451B-884B-1D142DFAEE9E}.Debug|x64.Build.0 = Debug|x64
		{54C8048A-9EC6-451B-884B-1D142DFAEE9E}.Debug|x86.ActiveCfg = Debug|Win32
		{54C8048A-9EC6-451B-884B-1D142DFAEE9E}.Debug|x86.Build.0 = Debug|Win32
		{54C8048A-9EC6-451B-884B-1D142DFAEE9E}.Release|x64.ActiveCfg = Release|x64
		{54C8048A-9EC6-451B-884B-1D142DFAEE9E}.Release|x64.Build.0 = Release|x64
		{54C8048A-9EC6-451B-884B-1D142DFAEE9E}.Release|x86.ActiveCfg = Release|Win32
		{54C8048A-9EC6-451B-884B-1D142DFAEE9E}.Release|x86.Build.0 = Release|Win32
		{EED847EB-710A-4044-95AB-D5994EC704B3}.Debug|x64.ActiveCfg = Debug|x64
		{EED847EB-710A-4044-95AB-D5994EC704B3}.Debug|x64.Build.0 = Debug|x64
		{EED847EB-710A-4044-95AB-D5994EC704B3}.Debug|x86.ActiveCfg = Debug|Win32
		{EED847EB-710A-4044-95AB-D5994EC704B3}.Debug|x86.Build.0 = Debug|Win32
		{EED847EB-710A-4044-95AB-D5994EC704B3}.Release|x64.ActiveCfg = Release|x64
		{EED847EB-710A-4044-95AB-D5994EC704B3}.Release|x64.Build.0 = Release|x64
		{EED847EB-710A-4044-95AB-D5994EC704B3}.Release|x86.ActiveCfg = Release|Win32
		{EED847EB-710A-4044-95AB-D5994EC704B3}.Release|x86.Build.0 = Release|Win32
		{46677579-DA20-4B0F-8B16-611436EB2FA7}.Debug|x64.ActiveCfg = Debug|x64
		{46677579-DA20-4B0F-8B16-611436EB2FA7}.Debug|x64.Build.0 = Debug|x64
		{46677579-DA20-4B0F-8B16-611436EB2FA7}.Debug|x86.ActiveCfg = Debug|Win32
		{46677579-DA20-4B0F-8B16-611436EB2FA7}.Debug|x86.Build.0 = Debug|Win32
		{46677579-DA20-4B0F-8B16-611436EB2FA7}.Release|x64.ActiveCfg = Release|x64
		{46677579-DA20-4B0F-8B16-611436EB2FA7}.Release|x64.Build.0 = Release|x64
		{46677579-DA20-4B0F-8B16-611436EB2FA7}.Release|x86.ActiveCfg = Release|Win32
		{46677579-DA20-4B0F-8B16-611436EB2FA7}.Release|x86.Build.0 = Release|Win32
		{11B45F59-F788-4C64-B18C-3AE5913CE284}.Debug|x64.ActiveCfg = Debug|x64
		{11B45F59-F788-4C64-B18C-3AE5913CE284}.Debug|x64.Build.0 = Debug|x64
		{11B45F59-F788-4C64-B18C-3AE5913CE284}.Debug|x86.ActiveCfg = Debug|Win32
		{11B45F59-F788-4C64-B18C-3AE5913CE284}.Debug|x86.Build.0 = Debug|Win32
		{11B45F59-F788-4C64-B18C-3AE5913CE284}.Release|x64.ActiveCfg = Release|x64
		{11B45F59-F788-4C64-B18C-3AE5913CE284}.Release|x64.Build.0 = Release|x64
		{11B45F59-F788-4C64-B18C-3AE5913CE284}.Release|x86.ActiveCfg = Release|Win32
		{11B45F59-F788-4C64-B18C-3AE5913CE284}.Release|x86.Build.0 = Release|Win32
		{CB9EBBF6-9F9B-4A3A-BA10-E114B2DB47B7}.Debug|x64.ActiveCfg = Debug|x64
		{CB9EBBF6-9F9B-4A3A-BA10-E114B2DB47B7}.Debug|x64.Build.0 = Debug|x64
		{CB9EBBF6-9F9B-4A3A-BA10-E114B2DB47B7}.Debug|x86.ActiveCfg = Debug|Win32
		{CB9EBBF6-9F9B-4A3A-BA10-E114B2DB47B7}.Debug|x86.Build.0 = Debug|Win32
		{CB9EBBF6-9F9B-4A3A-BA10-E114B2DB47B7}.Release|x64.ActiveCfg = Release|x64
		{CB9EBBF6-9F9B-4A3A-BA10-E114B2DB47B7}.Release|x64.Build.0 = Release|x64
		{CB9EBBF6-9F9B-4A3A-BA10-E114B2DB47B7}.Release|x86.ActiveCfg = Release|Win32
		{CB9EBBF6-9F9B-4A3A-BA10-E114B2DB47B7}.Release|x86.Build.0 = Release|Win32
		{B28BE473-7A31-4062-93C9-ABD3D7C534FD}.Debug|x64.ActiveCfg = Debug|x64
		{B28BE473-7A31-4062-93C9-ABD3D7C534FD}.Debug|x64.Build.0 = Debug|x64
		{B28BE473-7A31-4062-93C9-ABD3D7C534FD}.Debug|x86.ActiveCfg = Debug|Win32
		{B28BE473-7A31-4062-93C9-ABD3D7C534FD}.Debug|x86.Build.0 = Debug|Win32
		{B28BE473-7A31-4062-93C9-ABD3D7C534FD}.Release|x64.ActiveCfg = Release|x64
		{B28BE473-7A31-4062-93C9-ABD3D7C534FD}.Release|x64.Build.0 = Release|x64
		{B28BE473-7A31-4062-93C9-ABD3D7C534FD}.Release|x86.ActiveCfg = Release|Win32
		{B28BE473-7A31-4062-93C9-ABD3D7C534FD}.Release|x86.Build.0 = Release|Win32
		{E6D909A0-36A2-4C20-9826-42CC5E0AF2A3}.Debug|x64.ActiveCfg = Debug|x64
		{E6D909A0-36A2-4C20-9826-42CC5E0AF2A3}.Debug|x64.Build.0 = Debug|x64
		{E6D909A0-36A2-4C20-9826-42CC5E0AF2A3}.Debug|x86.ActiveCfg = Debug|Win32
		{E6D909A0-36A2-4C20-9826-42CC5E0AF2A3}.Debug|x86.Build.0 = Debug|Win32
		{E6D909A0-36A2-4C20-9826-42CC5E0AF2A3}.Release|x64.ActiveCfg = Release|x64
		{E6D909A0-36A2-4C20-9826-42CC5E0AF2A3}.Release|x64.Build.0 = Release|x64
		{E6D909A0-36A2-4C20-9826-42CC5E0AF2A3}.Release|x86.ActiveCfg = Release|Win32
		{E6D909A0-36A2-4C20-9826-42CC5E0AF2A3}.Release|x86.Build.0 = Release|Win32
		{3BC1B976-6FA9-4592-804A-6B15D3088296}.Debug|x64.ActiveCfg = Debug|x64
		{3BC1B976-6FA9-4592-804A-6B15D3088296}.Debug|x64.Build.0 = Debug|x64
		{3BC1B976-6FA9-4592-804A-6B15D3088296}.Debug|x86.ActiveCfg = Debug|Win32
		{3BC1B976-6FA9-4592-804A-6B15D3088296}.Debug|x86.Build.0 = Debug|Win32
		{3BC1B976-6FA9-4592-804A-6B15D3088296}.Release|x64.ActiveCfg = Release|x64
		{3BC1B976-6FA9-4592-804A-6B15D3088296}.Release|x64.Build.0 = Release|x64
		{3BC1B976-6FA9-4592-804A-6B15D3088296}.Release|x86.ActiveCfg = Release|Win32
		{3BC1B976-6FA9-4592-804A-6B15D3088296}.Release|x86.Build.0 = Release|Win32
		{CD608CD2-D66B-48D8-92FB-7C52C1EDF37A}.Debug|x64.ActiveCfg = Debug|x64
		{CD608CD2-D66B-48D8-92FB-7C52C1EDF37A}.Debug|x64.Build.0 = Debug|x64
		{CD608CD2-D66B-48D8-92FB-7C52C1EDF37A}.Debug|x86.ActiveCfg = Debug|Win32
		{CD608CD2-D66B-48D8-92FB-7C52C1EDF37A}.Debug|x86.Build.0 = Debug|Win32
		{CD608CD2-D66B-48D8-92FB-7C52C1EDF37A}.Release|x64.ActiveCfg = Release|x64
		{CD608CD2-D66B-48D8-92FB-7C52C1EDF37A}.Release|x64.Build.0 = Release|x64
		{CD608CD2-D66B-48D8-92FB-7C52C1EDF37A}.Release|x86.ActiveCfg = Release|Win32
		{CD608CD2-D66B-48D8-92FB-7C52C1EDF37A}.Release|x86.Build.0 = Release|Win32
		{E0FA95F9-32AC-41E2-B6EB-DABA886C6ED7}.Debug|x64.ActiveCfg = Debug|x64
		{E0FA95F9-32AC-41E2-B6EB-DABA886C6ED7}.Debug|x64.Build.0 = Debug|x64
		{E0FA95F9-32AC-41E2-B6EB-DABA886C6ED7}.Debug|x86.ActiveCfg = Debug|Win32
		{E0FA95F9-32AC-41E2-B6EB-DABA886C6ED7}.Debug|x86.Build.0 = Debug|Win32
		{E0FA95F9-32AC-41E2-B6EB-DABA886C6ED7}.Release|x64.ActiveCfg = Release|x64
		{E0FA95F9-32AC-41E2-B6EB-DABA886C6ED7}.Release|x64.Build.0 = Release|x64
		{E0FA95F9-32AC-41E2-B6EB-DABA886C6ED7}.Release|x86.ActiveCfg = Release|Win32
		{E0FA95F9-32AC-41E2-B6EB-DABA886C6ED7}.Release|x86.Build.0 = Release|Win32
		{74A36A43-C7A2-43BF-9C2F-89C1156BF195}.Debug|x64.ActiveCfg = Debug|x64
		{74A36A43-C7A2-43BF-9C2F-89C1156BF195}.Debug|x64.Build.0 = Debug|x64
		{74A36A43-C7A2-43BF-9C2F-89C1156BF195}.Debug|x86.ActiveCfg = Debug|Win32
		{74A36A43-C7A2-43BF-9C2F-89C1156BF195}.Debug|x86.Build.0 = Debug|Win32
		{74A36A43-C7A2-43BF-9C2F-89C1156BF195}.Release|x64.ActiveCfg = Release|x64
		{74A36A43-C7A2-43BF-9C2F-89C1156BF195}.Release|x64.Build.0 = Release|x64
		{74A36A43-C7A2-43BF-9C2F-89C1156BF195}.Release|x86.ActiveCfg = Release|Win32
		{74A36A43-C7A2-43BF-9C2F-89C1156BF195}.Release|x86.Build.0 = Release|Win32
		{487E7BCD-4CB3-41FC-862C-88015E9855DC}.Debug|x64.ActiveCfg = Debug|x64
		{487E7BCD-4CB3-41FC-862C-88015E9855DC}.Debug|x64.Build.0 = Debug|x64
		{487E7BCD-4CB3-41FC-862C-88015E9855DC}.Debug|x86.ActiveCfg = Debug|Win32
		{487E7BCD-4CB3-41FC-862C-88015E9855DC}.Debug|x86.Build.0 = Debug|Win32
		{487E7BCD-4CB3-41FC-862C-88015E9855DC}.Release|x64.ActiveCfg = Release|x64
		{487E7BCD-4CB3-41FC-862C-88015E9855DC}.Release|x64.Build.0 = Release|x64
		{487E7BCD-4CB3-41FC-862C-88015E9855DC}.Release|x86.ActiveCfg = Release|Win32
		{487E7BCD-4CB3-41FC-862C-88015E9855DC}.Release|x86.Build.0 = Release|Win32
		{1E165B23-9398-4206-87CB-CB4D4E7627B6}.Debug|x64.ActiveCfg = Debug|x64
		{1E165B23-9398-4206-87CB-CB4D4E7627B6}.Debug|x64.Build.0 = Debug|x64
		{1E165B23-9398-4206-87CB-CB4D4E7627B6}.Debug|x86.ActiveCfg = Debug|Win32
		{1E165B23-9398-4206-87CB-CB4D4E7627B6}.Debug|x86.Build.0 = Debug|Win32
		{1E165B23-9398-4206-87CB-CB4D4E7627B6}.Release|x64.ActiveCfg = Release|x64
		{1E165B23-9398-4206-87CB-CB4D4E7627B6}.Release|x64.Build.0 = Release|x64
		{1E165B23-9398-4206-87CB-CB4D4E7627B6}.Release|x86.ActiveCfg = Release|Win32
		{1E165B23-9398-4206-87CB-CB4D4E7627B6}.Release|x86.Build.0 = Release|Win32
		{4B703EF5-3574-4276-935B-323E29D37EA4}.Debug|x64.ActiveCfg = Debug|x64
		{4B703EF5-3574-4276-935B-323E29D37EA4}.Debug|x64.Build.0 = Debug|x64
		{4B703EF5-3574-4276-935B-323E29D37EA4}.Debug|x86.ActiveCfg = Debug|Win32
		{4B703EF5-3574-4276-935B-323E29D37EA4}.Debug|x86.Build.0 = Debug|Win32
		{4B703EF5-3574-4276-935B-323E29D37EA4}.Release|x64.ActiveCfg = Release|x64
		{4B703EF5-3574-4276-935B-323E29D37EA4}.Release|x64.Build.0 = Release|x64
		{4B703EF5-3574-4276-935B-323E29D37EA4}.Release|x86.ActiveCfg = Release|Win32
		{4B703EF5-3574-4276-935B-323E29D37EA4}.Release|x86.Build.0 = Release|Win32
		{3A6DEDC0-D6CE-4445-9BF4-A69D02E252DE}.Debug|x64.ActiveCfg = Debug|x64
		{3A6DEDC0-D6CE-4445-9BF4-A69D02E252DE}.Debug|x64.Build.0 = Debug|x64
		{3A6DEDC0-D6CE-4445-9BF4-A69D02E252DE}.Debug|x86.ActiveCfg = Debug|Win32
		{3A6DEDC0-D6CE-4445-9BF4-A69D02E252DE}.Debug|x86.Build.0 = Debug|Win32
		{3A6DEDC0-D6CE-4445-9BF4-A69D02E252DE}.Release|x64.ActiveCfg = Release|x64
		{3A6DEDC0-D6CE-4445-9BF4-A69D02E252DE}.Release|x64.Build.0 = Release|x64
		{3A6DEDC0-D6CE-4445-9BF4-A69D02E252DE}.Release|x86.ActiveCfg = Release|Win32
		{3A6DEDC0-D6CE-4445-9BF4-A69D02E252DE}.Release|x86.Build.0 = Release|Win32
		{9501F9D7-6DC2-407A-80DE-4D01B45060F8}.Debug|x64.ActiveCfg = Debug|x64
		{9501F9D7-6DC2-407A-80DE-4D01B45060F8}.Debug|x64.Build.0 = Debug|x64
		{9501F9D7-6DC2-407A-80DE-4D01B45060F8}.Debug|x86.ActiveCfg = Debug|Win32
		{9501F9D7-6DC2-407A-80DE-4D01B45060F8}.Debug|x86.Build.0 = Debug|Win32
		{9501F9D7-6DC2-407A-80DE-4D01B45060F8}.Release|x64.ActiveCfg = Release|x64
		{9501F9D7-6DC2-407A-80DE-4D01B45060F8}.Release|x64.Build.0 = Release|x64
		{9501F9D7-6DC2-407A-80DE-4D01B45060F8}.Release|x86.ActiveCfg = Release|Win32
		{9501F9D7-6DC2-407A-80DE-4D01B45060F8}.Release|x86.Build.0 = Release|Win32
		{1B3962B6-40B2-486B-8D2E-34D9C8DBDC1B}.Debug|x64.ActiveCfg = Debug|x64
		{1B3962B6-40B2-486B-8D2E-34D9C8DBDC1B}.Debug|x64.Build.0 = Debug|x64
		{1B3962B6-40B2-486B-8D2E-34D9C8DBDC1B}.Debug|x86.ActiveCfg = Debug|Win32
		{1B3962B6-40B2-486B-8D2E-34D9C8DBDC1B}.Debug|x86.Build.0 = Debug|Win32
		{1B3962B6-40B2-486B-8D2E-34D9C8DBDC1B}.Release|x64.ActiveCfg = Release|x64
		{1B3962B6-40B2-486B-8D2E-34D9C8DBDC1B}.Release|x64.Build.0 = Release|x64
		{1B3962B6-40B2-486B-8D2E-34D9C8DBDC1B}.Release|x86.ActiveCfg = Release|Win32
		{1B3962B6-40B2-486B-8D2E-34D9C8DBDC1B}.Release|x86.Build.0 = Release|Win32
		{2D3A843C-7E04-4D29-B363-5BE908894FE9}.Debug|x64.ActiveCfg = Debug|x64
		{2D3A843C-7E04-4D29-B363-5BE908894FE9}.Debug|x64.Build.0 = Debug|x64
		{2D3A843C-7E04-4D29-B363-5BE908894FE9}.Debug|x86.ActiveCfg = Debug|Win32
		{2D3A843C-7E04-4D29-B363-5BE908894FE9}.Debug|x86.Build.0 = Debug|Win32
		{2D3A843C-7E04-4D29-B363-5BE908894FE9}.Release|x64.ActiveCfg = Release|x64
		{2D3A843C-7E04-4D29-B363-5BE908894FE9}.Release|x64.Build.0 = Release|x64
		{2D3A843C-7E04-4D29-B363-5BE908894FE9}.Release|x86.ActiveCfg = Release|Win32
		{2D3A843C-7E04-4D29-B363-5BE908894FE9}.Release|x86.Build.0 = Release|Win32
		{4B50A756-0C3D-4C19-9234-CE49D34A8374}.Debug|x64.ActiveCfg = Debug|x64
		{4B50A756-0C3D-4C19-9234-CE49D34A8374}.Debug|x64.Build.0 = Debug|x64
		{4B50A756-0C3D-4C19-9234-CE49D34A8374}.Debug|x86.ActiveCfg = Debug|Win32
		{4B50A756-0C3D-4C19-9234-CE49D34A8374}.Debug|x86.Build.0 = Debug|Win32
		{4B50A756-0C3D-4C19-9234-CE49D34A8374}.Release|x64.ActiveCfg = Release|x64
		{4B50A756-0C3D-4C19-9234-CE49D34A8374}.Release|x64.Build.0 = Release|x64
		{4B50A756-0C3D-4C19-9234-CE49D34A8374}.Release|x86.ActiveCfg = Release|Win32
		{4B50A756-0C3D-4C19-9234-CE49D34A8374}.Release|x86.Build.0 = Release|Win32
		{9D7E796A-30C6-4EC3-8DF9-24B9BA81EDD8}.Debug|x64.ActiveCfg = Debug|x64
		{9D7E796A-30C6-4EC3-8DF9-24B9BA81EDD8}.Debug|x64.Build.0 = Debug|x64
		{9D7E796A-30C6-4EC3-8DF9-24B9BA81EDD8}.Debug|x86.ActiveCfg = Debug|Win32
		{9D7E796A-30C6-4EC3-8DF9-24B9BA81EDD8}.Debug|x86.Build.0 = Debug|Win32
		{9D7E796A-30C6-4EC3-8DF9-24B9BA81EDD8}.Release|x64.ActiveCfg = Release|x64
		{9D7E796A-30C6-4EC3-8DF9-24B9BA81EDD8}.Release|x64.Build.0 = Release|x64
		{9D7E796A-30C6-4EC3-8DF9-24B9BA81EDD8}.Release|x86.ActiveCfg = Release|Win32
		{9D7E796A-30C6-4EC3-8DF9-24B9BA81EDD8}.Release|x86.Build.0 = Release|Win32
		{F938CAEF-3F6D-4227-864E-D215F64AE5AC}.Debug|x64.ActiveCfg = Debug|x64
		{F938CAEF-3F6D-4227-864E-D215F64AE5AC}.Debug|x64.Build.0 = Debug|x64
		{F938CAEF-3F6D-4227-864E-D215F64AE5AC}.Debug|x86.ActiveCfg = Debug|Win32
		{F938CAEF-3F6D-4227-864E-D215F64AE5AC}.Debug|x86.Build.0 = Debug|Win32
		{F938CAEF-3F6D-4227-864E-D215F64AE5AC}.Release|x64.ActiveCfg = Release|x64
		{F938CAEF-3F6D-4227-864E-D215F64AE5AC}.Release|x64.Build.0 = Release|x64
		{F938CAEF-3F6D-4227-864E-D215F64AE5AC}.Release|x86.ActiveCfg = Release|Win32
		{F938CAEF-3F6D-4227-864E-D215F64AE5AC}.Release|x86.Build.0 = Release|Win32
		{C9DC6EFA-0A31-44C3-A317-61426F35C7F3}.Debug|x64.ActiveCfg = Debug|x64
		{C9DC6EFA-0A31-44C3-A317-61426F35C7F3}.Debug|x64.Build.0 = Debug|x64
		{C9DC6EFA-0A31-44C3-A317-61426F35C7F3}.Debug|x86.ActiveCfg = Debug|Win32
		{C9DC6EFA-0A31-44C3-A317-61426F35C7F3}.Debug|x86.Build.0 = Debug|Win32
		{C9DC6EFA-0A31-44C3-A317-61426F35C7F3}.Release|x64.ActiveCfg = Release|x64
		{C9DC6EFA-0A31-44C3-A317-61426F35C7F3}.Release|x64.Build.0 = Release|x64
		{C9DC6EFA-0A31-44C3-A317-61426F35C7F3}.Release|x86.ActiveCfg = Release|Win32
		{C9DC6EFA-0A31-44C3-A317-61426F35C7F3}.Release|x86.Build.0 = Release|Win32
		{12E517D8-9BAD-4337-B166-9CAD0AEF09C3}.Debug|x64.ActiveCfg = Debug|x64
		{12E517D8-9BAD-4337-B166-9CAD0AEF09C3}.Debug|x64.Build.0 = Debug|x64
		{12E517D8-9BAD-4337-B166-9CAD0AEF09C3}.Debug|x86.ActiveCfg = Debug|Win32
		{12E517D8-9BAD-4337-B166-9CAD0AEF09C3}.Debug|x86.Build.0 = Debug|Win32
		{12E517D8-9BAD-4337-B166-9CAD0AEF09C3}.Release|x64.ActiveCfg = Release|x64
		{12E517D8-9BAD-4337-B166-9CAD0AEF09C3}.Release|x64.Build.0 = Release|x64
		{12E517D8-9BAD-4337-B166-9CAD0AEF09C3}.Release|x86.ActiveCfg = Release|Win32
		{12E517D8-9BAD-4337-B166-9CAD0AEF09C3}.Release|x86.Build.0 = Release|Win32
		{B4FF3965-1E56-423F-A9A6-4FE983552F5B}.Debug|x64.ActiveCfg = Debug|x64
		{B4FF3965-1E56-423F-A9A6-4FE983552F5B}.Debug|x64.Build.0 = Debug|x64
		{B4FF3965-1E56-423F-A9A6-4FE983552F5B}.Debug|x86.ActiveCfg = Debug|Win32
		{B4FF3965-1E56-423F-A9A6-4FE983552F5B}.Debug|x86.Build.0 = Debug|Win32
		{B4FF3965-1E56-423F-A9A6-4FE983552F5B}.Release|x64.ActiveCfg = Release|x64
		{B4FF3965-1E56-423F-A9A6-4FE983552F5B}.Release|x64.Build.0 = Release|x64
		{B4FF3965-1E56-423F-A9A6-4FE983552F5B}.Release|x86.ActiveCfg = Release|Win32
		{B4FF3965-1E56-423F-A9A6-4FE983552F5B}.Release|x86.Build.0 = Release|Win32
		{2569C43E-B9EA-4D28-8878-AA8E1150DE05}.Debug|x64.ActiveCfg = Debug|x64
		{2569C43E-B9EA-4D28-8878-AA8E1150DE05}.Debug|x64.Build.0 = Debug|x64
		{2569C43E-B9EA-4D28-8878-AA8E1150DE05}.Debug|x86.ActiveCfg = Debug|Win32
		{2569C43E-B9EA-4D28-8878-AA8E1150DE05}.Debug|x86.Build.0 = Debug|Win32
		{2569C43E-B9EA-4D28-8878-AA8E1150DE05}.Release|x64.ActiveCfg = Release|x64
		{2569C43E-B9EA-4D28-8878-AA8E1150DE05}.Release|x64.Build.0 = Release|x64
		{2569C43E-B9EA-4D28-8878-AA8E1150DE05}.Release|x86.ActiveCfg = Release|Win32
		{2569C43E-B9EA-4D28-8878-AA8E1150DE05}.Release|x86.Build.0 = Release|Win32
	EndGlobalSection
	GlobalSection(SolutionProperties) = preSolution
		HideSolutionNode = FALSE
	EndGlobalSection
	GlobalSection(ExtensibilityGlobals) = postSolution
		SolutionGuid = {DD74D736-6DA6-405E-AF6A-214A04100959}
	EndGlobalSection
EndGlobal
